
Microsoft Visual Studio Solution File, Format Version 11.00
# Visual Studio 2010
Project("{FAE04EC0-301F-11D3-BF4B-00C04F79EFBC}") = "SilverlightApplication", "SilverlightApplication\SilverlightApplication.csproj", "{D42B8532-E054-4A70-8E31-F04F374B0502}"
EndProject
Project("{E24C65DC-7377-472B-9ABA-BC803B73C61A}") = "SilverlightApplication.Web", "SilverlightApplication.Web\", "{964F7BDA-171A-403A-AAAF-AC241344B1FB}"
	ProjectSection(WebsiteProperties) = preProject
		TargetFrameworkMoniker = ".NETFramework,Version%3Dv4.0"
		Debug.AspNetCompiler.VirtualPath = "/SilverlightApplication.Web"
		Debug.AspNetCompiler.PhysicalPath = "SilverlightApplication.Web\"
		Debug.AspNetCompiler.TargetPath = "PrecompiledWeb\SilverlightApplication.Web\"
		Debug.AspNetCompiler.Updateable = "true"
		Debug.AspNetCompiler.ForceOverwrite = "true"
		Debug.AspNetCompiler.FixedNames = "false"
		Debug.AspNetCompiler.Debug = "True"
		Release.AspNetCompiler.VirtualPath = "/SilverlightApplication.Web"
		Release.AspNetCompiler.PhysicalPath = "SilverlightApplication.Web\"
		Release.AspNetCompiler.TargetPath = "PrecompiledWeb\SilverlightApplication.Web\"
		Release.AspNetCompiler.Updateable = "true"
		Release.AspNetCompiler.ForceOverwrite = "true"
		Release.AspNetCompiler.FixedNames = "false"
		Release.AspNetCompiler.Debug = "False"
		VWDPort = "13043"
		DefaultWebSiteLanguage = "Visual C#"
		ProjOutputReferences = "{D42B8532-E054-4A70-8E31-F04F374B0502}|ClientBin|false;"
	EndProjectSection
EndProject
Global
	GlobalSection(SolutionConfigurationPlatforms) = preSolution
		Debug|Any CPU = Debug|Any CPU
		Release|Any CPU = Release|Any CPU
	EndGlobalSection
	GlobalSection(ProjectConfigurationPlatforms) = postSolution
		{D42B8532-E054-4A70-8E31-F04F374B0502}.Debug|Any CPU.ActiveCfg = Debug|Any CPU
		{D42B8532-E054-4A70-8E31-F04F374B0502}.Debug|Any CPU.Build.0 = Debug|Any CPU
		{D42B8532-E054-4A70-8E31-F04F374B0502}.Release|Any CPU.ActiveCfg = Release|Any CPU
		{D42B8532-E054-4A70-8E31-F04F374B0502}.Release|Any CPU.Build.0 = Release|Any CPU
		{964F7BDA-171A-403A-AAAF-AC241344B1FB}.Debug|Any CPU.ActiveCfg = Debug|Any CPU
		{964F7BDA-171A-403A-AAAF-AC241344B1FB}.Debug|Any CPU.Build.0 = Debug|Any CPU
		{964F7BDA-171A-403A-AAAF-AC241344B1FB}.Release|Any CPU.ActiveCfg = Debug|Any CPU
		{964F7BDA-171A-403A-AAAF-AC241344B1FB}.Release|Any CPU.Build.0 = Debug|Any CPU
	EndGlobalSection
	GlobalSection(SolutionProperties) = preSolution
		HideSolutionNode = FALSE
	EndGlobalSection
EndGlobal
