
Microsoft Visual Studio Solution File, Format Version 10.00
# Visual Studio 2008
Project("{FAE04EC0-301F-11D3-BF4B-00C04F79EFBC}") = "AutoCompleteTest", "AutoCompleteTest\AutoCompleteTest.csproj", "{957229E8-55A1-477E-879E-10F0E7CAF0F2}"
EndProject
Project("{E24C65DC-7377-472B-9ABA-BC803B73C61A}") = "AutoCompleteTest.Web", "AutoCompleteTest.Web\", "{4365F8DD-9D71-474B-A742-728DFBB57525}"
	ProjectSection(WebsiteProperties) = preProject
		TargetFramework = "3.5"
		Debug.AspNetCompiler.VirtualPath = "/AutoCompleteTest.Web"
		Debug.AspNetCompiler.PhysicalPath = "AutoCompleteTest.Web\"
		Debug.AspNetCompiler.TargetPath = "PrecompiledWeb\AutoCompleteTest.Web\"
		Debug.AspNetCompiler.Updateable = "true"
		Debug.AspNetCompiler.ForceOverwrite = "true"
		Debug.AspNetCompiler.FixedNames = "false"
		Debug.AspNetCompiler.Debug = "True"
		Release.AspNetCompiler.VirtualPath = "/AutoCompleteTest.Web"
		Release.AspNetCompiler.PhysicalPath = "AutoCompleteTest.Web\"
		Release.AspNetCompiler.TargetPath = "PrecompiledWeb\AutoCompleteTest.Web\"
		Release.AspNetCompiler.Updateable = "true"
		Release.AspNetCompiler.ForceOverwrite = "true"
		Release.AspNetCompiler.FixedNames = "false"
		Release.AspNetCompiler.Debug = "False"
		VWDPort = "8034"
		DefaultWebSiteLanguage = "Visual C#"
		ProjOutputReferences = "{957229E8-55A1-477E-879E-10F0E7CAF0F2}|ClientBin|false;"
	EndProjectSection
EndProject
Global
	GlobalSection(SolutionConfigurationPlatforms) = preSolution
		Debug|Any CPU = Debug|Any CPU
		Release|Any CPU = Release|Any CPU
	EndGlobalSection
	GlobalSection(ProjectConfigurationPlatforms) = postSolution
		{957229E8-55A1-477E-879E-10F0E7CAF0F2}.Debug|Any CPU.ActiveCfg = Debug|Any CPU
		{957229E8-55A1-477E-879E-10F0E7CAF0F2}.Debug|Any CPU.Build.0 = Debug|Any CPU
		{957229E8-55A1-477E-879E-10F0E7CAF0F2}.Release|Any CPU.ActiveCfg = Release|Any CPU
		{957229E8-55A1-477E-879E-10F0E7CAF0F2}.Release|Any CPU.Build.0 = Release|Any CPU
		{4365F8DD-9D71-474B-A742-728DFBB57525}.Debug|Any CPU.ActiveCfg = Debug|Any CPU
		{4365F8DD-9D71-474B-A742-728DFBB57525}.Debug|Any CPU.Build.0 = Debug|Any CPU
		{4365F8DD-9D71-474B-A742-728DFBB57525}.Release|Any CPU.ActiveCfg = Debug|Any CPU
		{4365F8DD-9D71-474B-A742-728DFBB57525}.Release|Any CPU.Build.0 = Debug|Any CPU
	EndGlobalSection
	GlobalSection(SolutionProperties) = preSolution
		HideSolutionNode = FALSE
	EndGlobalSection
EndGlobal
