
Microsoft Visual Studio Solution File, Format Version 11.00
# Visual Studio 2010
Project("{FAE04EC0-301F-11D3-BF4B-00C04F79EFBC}") = "CustomBehaviorsLibrary", "CustomBehaviorsLibrary\CustomBehaviorsLibrary.csproj", "{2EF7BEF0-6436-4132-8F60-ADAE5DE45C93}"
EndProject
Project("{FAE04EC0-301F-11D3-BF4B-00C04F79EFBC}") = "BehaviorTest", "BehaviorTest\BehaviorTest.csproj", "{0DDD778C-F09E-4FAF-BBBF-7445BF34F94D}"
EndProject
Global
	GlobalSection(SolutionConfigurationPlatforms) = preSolution
		Debug|Any CPU = Debug|Any CPU
		Release|Any CPU = Release|Any CPU
	EndGlobalSection
	GlobalSection(ProjectConfigurationPlatforms) = postSolution
		{2EF7BEF0-6436-4132-8F60-ADAE5DE45C93}.Debug|Any CPU.ActiveCfg = Debug|Any CPU
		{2EF7BEF0-6436-4132-8F60-ADAE5DE45C93}.Debug|Any CPU.Build.0 = Debug|Any CPU
		{2EF7BEF0-6436-4132-8F60-ADAE5DE45C93}.Release|Any CPU.ActiveCfg = Release|Any CPU
		{2EF7BEF0-6436-4132-8F60-ADAE5DE45C93}.Release|Any CPU.Build.0 = Release|Any CPU
		{0DDD778C-F09E-4FAF-BBBF-7445BF34F94D}.Debug|Any CPU.ActiveCfg = Debug|Any CPU
		{0DDD778C-F09E-4FAF-BBBF-7445BF34F94D}.Debug|Any CPU.Build.0 = Debug|Any CPU
		{0DDD778C-F09E-4FAF-BBBF-7445BF34F94D}.Release|Any CPU.ActiveCfg = Release|Any CPU
		{0DDD778C-F09E-4FAF-BBBF-7445BF34F94D}.Release|Any CPU.Build.0 = Release|Any CPU
	EndGlobalSection
	GlobalSection(SolutionProperties) = preSolution
		HideSolutionNode = FALSE
	EndGlobalSection
EndGlobal
