
Microsoft Visual Studio Solution File, Format Version 11.00
# Visual Studio 2010
Project("{FAE04EC0-301F-11D3-BF4B-00C04F79EFBC}") = "Caching", "Caching.csproj", "{A7412114-C7C0-4D0B-8114-9D9A42D77CEC}"
EndProject
Global
	GlobalSection(SolutionConfigurationPlatforms) = preSolution
		Debug|Any CPU = Debug|Any CPU
		Release|Any CPU = Release|Any CPU
	EndGlobalSection
	GlobalSection(ProjectConfigurationPlatforms) = postSolution
		{A7412114-C7C0-4D0B-8114-9D9A42D77CEC}.Debug|Any CPU.ActiveCfg = Debug|Any CPU
		{A7412114-C7C0-4D0B-8114-9D9A42D77CEC}.Debug|Any CPU.Build.0 = Debug|Any CPU
		{A7412114-C7C0-4D0B-8114-9D9A42D77CEC}.Release|Any CPU.ActiveCfg = Release|Any CPU
		{A7412114-C7C0-4D0B-8114-9D9A42D77CEC}.Release|Any CPU.Build.0 = Release|Any CPU
	EndGlobalSection
	GlobalSection(SolutionProperties) = preSolution
		HideSolutionNode = FALSE
	EndGlobalSection
EndGlobal
